
Microsoft Visual Studio Solution File, Format Version 12.00
# Visual Studio Version 17
VisualStudioVersion = 17.2.32516.85
MinimumVisualStudioVersion = 10.0.40219.1
Project("{9A19103F-16F7-4668-BE54-9A1E7A4F7556}") = "RunAsSteamGame", "RunAsSteamGame\RunAsSteamGame.csproj", "{78C39F78-C33B-466E-A1BC-9C3D12B02A87}"
EndProject
Project("{9A19103F-16F7-4668-BE54-9A1E7A4F7556}") = "DoomLauncher", "DoomLauncher\DoomLauncher.csproj", "{C0963252-8DC3-4B5A-9555-FFE1E6FC5BAC}"
EndProject
Global
	GlobalSection(SolutionConfigurationPlatforms) = preSolution
		Debug|ARM64 = Debug|ARM64
		Debug|x64 = Debug|x64
		Release|ARM64 = Release|ARM64
		Release|x64 = Release|x64
	EndGlobalSection
	GlobalSection(ProjectConfigurationPlatforms) = postSolution
		{78C39F78-C33B-466E-A1BC-9C3D12B02A87}.Debug|ARM64.ActiveCfg = Debug|ARM64
		{78C39F78-C33B-466E-A1BC-9C3D12B02A87}.Debug|ARM64.Build.0 = Debug|ARM64
		{78C39F78-C33B-466E-A1BC-9C3D12B02A87}.Debug|x64.ActiveCfg = Debug|x64
		{78C39F78-C33B-466E-A1BC-9C3D12B02A87}.Debug|x64.Build.0 = Debug|x64
		{78C39F78-C33B-466E-A1BC-9C3D12B02A87}.Release|ARM64.ActiveCfg = Release|ARM64
		{78C39F78-C33B-466E-A1BC-9C3D12B02A87}.Release|ARM64.Build.0 = Release|ARM64
		{78C39F78-C33B-466E-A1BC-9C3D12B02A87}.Release|x64.ActiveCfg = Release|x64
		{78C39F78-C33B-466E-A1BC-9C3D12B02A87}.Release|x64.Build.0 = Release|x64
		{C0963252-8DC3-4B5A-9555-FFE1E6FC5BAC}.Debug|ARM64.ActiveCfg = Debug|ARM64
		{C0963252-8DC3-4B5A-9555-FFE1E6FC5BAC}.Debug|ARM64.Build.0 = Debug|ARM64
		{C0963252-8DC3-4B5A-9555-FFE1E6FC5BAC}.Debug|ARM64.Deploy.0 = Debug|ARM64
		{C0963252-8DC3-4B5A-9555-FFE1E6FC5BAC}.Debug|x64.ActiveCfg = Debug|x64
		{C0963252-8DC3-4B5A-9555-FFE1E6FC5BAC}.Debug|x64.Build.0 = Debug|x64
		{C0963252-8DC3-4B5A-9555-FFE1E6FC5BAC}.Debug|x64.Deploy.0 = Debug|x64
		{C0963252-8DC3-4B5A-9555-FFE1E6FC5BAC}.Release|ARM64.ActiveCfg = Release|ARM64
		{C0963252-8DC3-4B5A-9555-FFE1E6FC5BAC}.Release|ARM64.Build.0 = Release|ARM64
		{C0963252-8DC3-4B5A-9555-FFE1E6FC5BAC}.Release|ARM64.Deploy.0 = Release|ARM64
		{C0963252-8DC3-4B5A-9555-FFE1E6FC5BAC}.Release|x64.ActiveCfg = Release|x64
		{C0963252-8DC3-4B5A-9555-FFE1E6FC5BAC}.Release|x64.Build.0 = Release|x64
		{C0963252-8DC3-4B5A-9555-FFE1E6FC5BAC}.Release|x64.Deploy.0 = Release|x64
	EndGlobalSection
	GlobalSection(SolutionProperties) = preSolution
		HideSolutionNode = FALSE
	EndGlobalSection
	GlobalSection(ExtensibilityGlobals) = postSolution
		SolutionGuid = {C4737CF8-30A7-464A-9EB7-F1E32DF8441B}
	EndGlobalSection
EndGlobal
